
Microsoft Visual Studio Solution File, Format Version 12.00
# Visual Studio 14
VisualStudioVersion = 14.0.25420.1
MinimumVisualStudioVersion = 10.0.40219.1
Project("{FAE04EC0-301F-11D3-BF4B-00C04F79EFBC}") = "KamogelosLibrary", "KamogelosLibrary\KamogelosLibrary.csproj", "{0F47C02C-4DF2-4717-8BC3-341A629A3C3C}"
EndProject
Project("{FAE04EC0-301F-11D3-BF4B-00C04F79EFBC}") = "KamogelosLibrary.Tests", "KamogelosLibrary.Tests\KamogelosLibrary.Tests.csproj", "{03D8D2D0-93F3-4A75-B38C-F656E0D562FB}"
EndProject
Global
	GlobalSection(SolutionConfigurationPlatforms) = preSolution
		Debug|Any CPU = Debug|Any CPU
		Release|Any CPU = Release|Any CPU
	EndGlobalSection
	GlobalSection(ProjectConfigurationPlatforms) = postSolution
		{0F47C02C-4DF2-4717-8BC3-341A629A3C3C}.Debug|Any CPU.ActiveCfg = Debug|Any CPU
		{0F47C02C-4DF2-4717-8BC3-341A629A3C3C}.Debug|Any CPU.Build.0 = Debug|Any CPU
		{0F47C02C-4DF2-4717-8BC3-341A629A3C3C}.Release|Any CPU.ActiveCfg = Release|Any CPU
		{0F47C02C-4DF2-4717-8BC3-341A629A3C3C}.Release|Any CPU.Build.0 = Release|Any CPU
		{03D8D2D0-93F3-4A75-B38C-F656E0D562FB}.Debug|Any CPU.ActiveCfg = Debug|Any CPU
		{03D8D2D0-93F3-4A75-B38C-F656E0D562FB}.Debug|Any CPU.Build.0 = Debug|Any CPU
		{03D8D2D0-93F3-4A75-B38C-F656E0D562FB}.Release|Any CPU.ActiveCfg = Release|Any CPU
		{03D8D2D0-93F3-4A75-B38C-F656E0D562FB}.Release|Any CPU.Build.0 = Release|Any CPU
	EndGlobalSection
	GlobalSection(SolutionProperties) = preSolution
		HideSolutionNode = FALSE
	EndGlobalSection
EndGlobal
